
Microsoft Visual Studio Solution File, Format Version 12.00
# Visual Studio Version 16
VisualStudioVersion = 16.0.30114.105
MinimumVisualStudioVersion = 10.0.40219.1
Project("{FAE04EC0-301F-11D3-BF4B-00C04F79EFBC}") = "Corona", "Corona\Corona.csproj", "{FD76B69B-226E-4864-B7B8-1C0934D0EC67}"
EndProject
Global
	GlobalSection(SolutionConfigurationPlatforms) = preSolution
		Debug|Any CPU = Debug|Any CPU
		Release|Any CPU = Release|Any CPU
	EndGlobalSection
	GlobalSection(ProjectConfigurationPlatforms) = postSolution
		{FD76B69B-226E-4864-B7B8-1C0934D0EC67}.Debug|Any CPU.ActiveCfg = Debug|Any CPU
		{FD76B69B-226E-4864-B7B8-1C0934D0EC67}.Debug|Any CPU.Build.0 = Debug|Any CPU
		{FD76B69B-226E-4864-B7B8-1C0934D0EC67}.Release|Any CPU.ActiveCfg = Release|Any CPU
		{FD76B69B-226E-4864-B7B8-1C0934D0EC67}.Release|Any CPU.Build.0 = Release|Any CPU
	EndGlobalSection
	GlobalSection(SolutionProperties) = preSolution
		HideSolutionNode = FALSE
	EndGlobalSection
	GlobalSection(ExtensibilityGlobals) = postSolution
		SolutionGuid = {DEF630F4-82DF-4A6E-A75B-5D04A710BB17}
	EndGlobalSection
EndGlobal
